
Microsoft Visual Studio Solution File, Format Version 12.00
# Visual Studio 2013
VisualStudioVersion = 12.0.21005.1
MinimumVisualStudioVersion = 10.0.40219.1
Project("{FAE04EC0-301F-11D3-BF4B-00C04F79EFBC}") = "SystemCenter.ConfigurationManager.ActionHelper", "SystemCenter.ConfigurationManager.ActionHelper.csproj", "{A46490A9-61B2-4285-8240-DADBE1A58762}"
EndProject
Project("{FAE04EC0-301F-11D3-BF4B-00C04F79EFBC}") = "TestingConsole", "..\TestingConsole\TestingConsole.csproj", "{4E3343BF-699C-42C6-8006-7626BDA8402A}"
EndProject
Global
	GlobalSection(SolutionConfigurationPlatforms) = preSolution
		Debug|Any CPU = Debug|Any CPU
		Release|Any CPU = Release|Any CPU
	EndGlobalSection
	GlobalSection(ProjectConfigurationPlatforms) = postSolution
		{A46490A9-61B2-4285-8240-DADBE1A58762}.Debug|Any CPU.ActiveCfg = Debug|Any CPU
		{A46490A9-61B2-4285-8240-DADBE1A58762}.Debug|Any CPU.Build.0 = Debug|Any CPU
		{A46490A9-61B2-4285-8240-DADBE1A58762}.Release|Any CPU.ActiveCfg = Release|Any CPU
		{A46490A9-61B2-4285-8240-DADBE1A58762}.Release|Any CPU.Build.0 = Release|Any CPU
		{4E3343BF-699C-42C6-8006-7626BDA8402A}.Debug|Any CPU.ActiveCfg = Debug|Any CPU
		{4E3343BF-699C-42C6-8006-7626BDA8402A}.Debug|Any CPU.Build.0 = Debug|Any CPU
		{4E3343BF-699C-42C6-8006-7626BDA8402A}.Release|Any CPU.ActiveCfg = Release|Any CPU
		{4E3343BF-699C-42C6-8006-7626BDA8402A}.Release|Any CPU.Build.0 = Release|Any CPU
	EndGlobalSection
	GlobalSection(SolutionProperties) = preSolution
		HideSolutionNode = FALSE
	EndGlobalSection
EndGlobal
